// !$*UTF8*$!
{
	archiveVersion = 1;
	classes = {
	};
	objectVersion = 46;
	objects = {

/* Begin PBXBuildFile section */
		410D93F41DA6F59700716D27 /* Address_components.swift in Sources */ = {isa = PBXBuildFile; fileRef = 410D93E51DA6F59700716D27 /* Address_components.swift */; };
		410D93F51DA6F59700716D27 /* Aspects.swift in Sources */ = {isa = PBXBuildFile; fileRef = 410D93E61DA6F59700716D27 /* Aspects.swift */; };
		410D93F61DA6F59700716D27 /* Close.swift in Sources */ = {isa = PBXBuildFile; fileRef = 410D93E71DA6F59700716D27 /* Close.swift */; };
		410D93F81DA6F59700716D27 /* DetailJson4Swift_Base.swift in Sources */ = {isa = PBXBuildFile; fileRef = 410D93E91DA6F59700716D27 /* DetailJson4Swift_Base.swift */; };
		410D93FB1DA6F59700716D27 /* Open.swift in Sources */ = {isa = PBXBuildFile; fileRef = 410D93EC1DA6F59700716D27 /* Open.swift */; };
		410D93FC1DA6F59700716D27 /* Opening_hours.swift in Sources */ = {isa = PBXBuildFile; fileRef = 410D93ED1DA6F59700716D27 /* Opening_hours.swift */; };
		410D93FD1DA6F59700716D27 /* Periods.swift in Sources */ = {isa = PBXBuildFile; fileRef = 410D93EE1DA6F59700716D27 /* Periods.swift */; };
		410D93FE1DA6F59700716D27 /* DetailPhotos.swift in Sources */ = {isa = PBXBuildFile; fileRef = 410D93EF1DA6F59700716D27 /* DetailPhotos.swift */; };
		410D93FF1DA6F59700716D27 /* DetailResult.swift in Sources */ = {isa = PBXBuildFile; fileRef = 410D93F01DA6F59700716D27 /* DetailResult.swift */; };
		410D94001DA6F59700716D27 /* Reviews.swift in Sources */ = {isa = PBXBuildFile; fileRef = 410D93F11DA6F59700716D27 /* Reviews.swift */; };
		416703681DA6D8CC00EF152A /* Help.rtf in Resources */ = {isa = PBXBuildFile; fileRef = 416703671DA6D8CC00EF152A /* Help.rtf */; };
		416703711DA6DBDD00EF152A /* Geometry.swift in Sources */ = {isa = PBXBuildFile; fileRef = 416703691DA6DBDD00EF152A /* Geometry.swift */; };
		416703721DA6DBDD00EF152A /* Json4Swift_Base.swift in Sources */ = {isa = PBXBuildFile; fileRef = 4167036A1DA6DBDD00EF152A /* Json4Swift_Base.swift */; };
		416703731DA6DBDD00EF152A /* Location.swift in Sources */ = {isa = PBXBuildFile; fileRef = 4167036B1DA6DBDD00EF152A /* Location.swift */; };
		416703741DA6DBDD00EF152A /* Northeast.swift in Sources */ = {isa = PBXBuildFile; fileRef = 4167036C1DA6DBDD00EF152A /* Northeast.swift */; };
		416703751DA6DBDD00EF152A /* Photos.swift in Sources */ = {isa = PBXBuildFile; fileRef = 4167036D1DA6DBDD00EF152A /* Photos.swift */; };
		416703761DA6DBDD00EF152A /* Results.swift in Sources */ = {isa = PBXBuildFile; fileRef = 4167036E1DA6DBDD00EF152A /* Results.swift */; };
		416703771DA6DBDD00EF152A /* Southwest.swift in Sources */ = {isa = PBXBuildFile; fileRef = 4167036F1DA6DBDD00EF152A /* Southwest.swift */; };
		416703781DA6DBDD00EF152A /* Viewport.swift in Sources */ = {isa = PBXBuildFile; fileRef = 416703701DA6DBDD00EF152A /* Viewport.swift */; };
		523CAB981CB178890074B41E /* AppDelegate.swift in Sources */ = {isa = PBXBuildFile; fileRef = 523CAB971CB178890074B41E /* AppDelegate.swift */; };
		523CAB9D1CB178890074B41E /* Main.storyboard in Resources */ = {isa = PBXBuildFile; fileRef = 523CAB9B1CB178890074B41E /* Main.storyboard */; };
		523CAB9F1CB178890074B41E /* Assets.xcassets in Resources */ = {isa = PBXBuildFile; fileRef = 523CAB9E1CB178890074B41E /* Assets.xcassets */; };
		523CABA21CB178890074B41E /* LaunchScreen.storyboard in Resources */ = {isa = PBXBuildFile; fileRef = 523CABA01CB178890074B41E /* LaunchScreen.storyboard */; };
		523CABAA1CB178CA0074B41E /* Episode.swift in Sources */ = {isa = PBXBuildFile; fileRef = 523CABA91CB178CA0074B41E /* Episode.swift */; };
		523CABAE1CB184390074B41E /* EpisodesTableViewController.swift in Sources */ = {isa = PBXBuildFile; fileRef = 523CABAD1CB184390074B41E /* EpisodesTableViewController.swift */; };
		523CABB01CB1847D0074B41E /* EpisodeTableViewCell.swift in Sources */ = {isa = PBXBuildFile; fileRef = 523CABAF1CB1847D0074B41E /* EpisodeTableViewCell.swift */; };
		523CABB21CB1858A0074B41E /* NetworkService.swift in Sources */ = {isa = PBXBuildFile; fileRef = 523CABB11CB1858A0074B41E /* NetworkService.swift */; };
		52B073B91CB438B500B2FBD3 /* DucBlog.json in Resources */ = {isa = PBXBuildFile; fileRef = 52B073B81CB438B500B2FBD3 /* DucBlog.json */; };
/* End PBXBuildFile section */

/* Begin PBXFileReference section */
		410D93E51DA6F59700716D27 /* Address_components.swift */ = {isa = PBXFileReference; fileEncoding = 4; lastKnownFileType = sourcecode.swift; name = Address_components.swift; path = ../../DetailJsonSwiftMapping/Address_components.swift; sourceTree = "<group>"; };
		410D93E61DA6F59700716D27 /* Aspects.swift */ = {isa = PBXFileReference; fileEncoding = 4; lastKnownFileType = sourcecode.swift; name = Aspects.swift; path = ../../DetailJsonSwiftMapping/Aspects.swift; sourceTree = "<group>"; };
		410D93E71DA6F59700716D27 /* Close.swift */ = {isa = PBXFileReference; fileEncoding = 4; lastKnownFileType = sourcecode.swift; name = Close.swift; path = ../../DetailJsonSwiftMapping/Close.swift; sourceTree = "<group>"; };
		410D93E91DA6F59700716D27 /* DetailJson4Swift_Base.swift */ = {isa = PBXFileReference; fileEncoding = 4; lastKnownFileType = sourcecode.swift; name = DetailJson4Swift_Base.swift; path = ../../DetailJsonSwiftMapping/DetailJson4Swift_Base.swift; sourceTree = "<group>"; };
		410D93EC1DA6F59700716D27 /* Open.swift */ = {isa = PBXFileReference; fileEncoding = 4; lastKnownFileType = sourcecode.swift; name = Open.swift; path = ../../DetailJsonSwiftMapping/Open.swift; sourceTree = "<group>"; };
		410D93ED1DA6F59700716D27 /* Opening_hours.swift */ = {isa = PBXFileReference; fileEncoding = 4; lastKnownFileType = sourcecode.swift; name = Opening_hours.swift; path = ../../DetailJsonSwiftMapping/Opening_hours.swift; sourceTree = "<group>"; };
		410D93EE1DA6F59700716D27 /* Periods.swift */ = {isa = PBXFileReference; fileEncoding = 4; lastKnownFileType = sourcecode.swift; name = Periods.swift; path = ../../DetailJsonSwiftMapping/Periods.swift; sourceTree = "<group>"; };
		410D93EF1DA6F59700716D27 /* DetailPhotos.swift */ = {isa = PBXFileReference; fileEncoding = 4; lastKnownFileType = sourcecode.swift; name = DetailPhotos.swift; path = ../../DetailJsonSwiftMapping/DetailPhotos.swift; sourceTree = "<group>"; };
		410D93F01DA6F59700716D27 /* DetailResult.swift */ = {isa = PBXFileReference; fileEncoding = 4; lastKnownFileType = sourcecode.swift; name = DetailResult.swift; path = ../../DetailJsonSwiftMapping/DetailResult.swift; sourceTree = "<group>"; };
		410D93F11DA6F59700716D27 /* Reviews.swift */ = {isa = PBXFileReference; fileEncoding = 4; lastKnownFileType = sourcecode.swift; name = Reviews.swift; path = ../../DetailJsonSwiftMapping/Reviews.swift; sourceTree = "<group>"; };
		416703671DA6D8CC00EF152A /* Help.rtf */ = {isa = PBXFileReference; fileEncoding = 4; lastKnownFileType = text.rtf; name = Help.rtf; path = "duc blog/Help.rtf"; sourceTree = SOURCE_ROOT; };
		416703691DA6DBDD00EF152A /* Geometry.swift */ = {isa = PBXFileReference; fileEncoding = 4; lastKnownFileType = sourcecode.swift; name = Geometry.swift; path = ../../ListJsonSwiftMapping/Geometry.swift; sourceTree = "<group>"; };
		4167036A1DA6DBDD00EF152A /* Json4Swift_Base.swift */ = {isa = PBXFileReference; fileEncoding = 4; lastKnownFileType = sourcecode.swift; name = Json4Swift_Base.swift; path = ../../ListJsonSwiftMapping/Json4Swift_Base.swift; sourceTree = "<group>"; };
		4167036B1DA6DBDD00EF152A /* Location.swift */ = {isa = PBXFileReference; fileEncoding = 4; lastKnownFileType = sourcecode.swift; name = Location.swift; path = ../../ListJsonSwiftMapping/Location.swift; sourceTree = "<group>"; };
		4167036C1DA6DBDD00EF152A /* Northeast.swift */ = {isa = PBXFileReference; fileEncoding = 4; lastKnownFileType = sourcecode.swift; name = Northeast.swift; path = ../../ListJsonSwiftMapping/Northeast.swift; sourceTree = "<group>"; };
		4167036D1DA6DBDD00EF152A /* Photos.swift */ = {isa = PBXFileReference; fileEncoding = 4; lastKnownFileType = sourcecode.swift; name = Photos.swift; path = ../../ListJsonSwiftMapping/Photos.swift; sourceTree = "<group>"; };
		4167036E1DA6DBDD00EF152A /* Results.swift */ = {isa = PBXFileReference; fileEncoding = 4; lastKnownFileType = sourcecode.swift; name = Results.swift; path = ../../ListJsonSwiftMapping/Results.swift; sourceTree = "<group>"; };
		4167036F1DA6DBDD00EF152A /* Southwest.swift */ = {isa = PBXFileReference; fileEncoding = 4; lastKnownFileType = sourcecode.swift; name = Southwest.swift; path = ../../ListJsonSwiftMapping/Southwest.swift; sourceTree = "<group>"; };
		416703701DA6DBDD00EF152A /* Viewport.swift */ = {isa = PBXFileReference; fileEncoding = 4; lastKnownFileType = sourcecode.swift; name = Viewport.swift; path = ../../ListJsonSwiftMapping/Viewport.swift; sourceTree = "<group>"; };
		523CAB941CB178890074B41E /* Duc Blog.app */ = {isa = PBXFileReference; explicitFileType = wrapper.application; includeInIndex = 0; path = "Duc Blog.app"; sourceTree = BUILT_PRODUCTS_DIR; };
		523CAB971CB178890074B41E /* AppDelegate.swift */ = {isa = PBXFileReference; lastKnownFileType = sourcecode.swift; path = AppDelegate.swift; sourceTree = "<group>"; };
		523CAB9C1CB178890074B41E /* Base */ = {isa = PBXFileReference; lastKnownFileType = file.storyboard; name = Base; path = Base.lproj/Main.storyboard; sourceTree = "<group>"; };
		523CAB9E1CB178890074B41E /* Assets.xcassets */ = {isa = PBXFileReference; lastKnownFileType = folder.assetcatalog; path = Assets.xcassets; sourceTree = "<group>"; };
		523CABA11CB178890074B41E /* Base */ = {isa = PBXFileReference; lastKnownFileType = file.storyboard; name = Base; path = Base.lproj/LaunchScreen.storyboard; sourceTree = "<group>"; };
		523CABA31CB178890074B41E /* Info.plist */ = {isa = PBXFileReference; lastKnownFileType = text.plist.xml; path = Info.plist; sourceTree = "<group>"; };
		523CABA91CB178CA0074B41E /* Episode.swift */ = {isa = PBXFileReference; fileEncoding = 4; lastKnownFileType = sourcecode.swift; path = Episode.swift; sourceTree = "<group>"; };
		523CABAD1CB184390074B41E /* EpisodesTableViewController.swift */ = {isa = PBXFileReference; fileEncoding = 4; lastKnownFileType = sourcecode.swift; path = EpisodesTableViewController.swift; sourceTree = "<group>"; };
		523CABAF1CB1847D0074B41E /* EpisodeTableViewCell.swift */ = {isa = PBXFileReference; fileEncoding = 4; lastKnownFileType = sourcecode.swift; path = EpisodeTableViewCell.swift; sourceTree = "<group>"; };
		523CABB11CB1858A0074B41E /* NetworkService.swift */ = {isa = PBXFileReference; fileEncoding = 4; lastKnownFileType = sourcecode.swift; path = NetworkService.swift; sourceTree = "<group>"; };
		52B073B81CB438B500B2FBD3 /* DucBlog.json */ = {isa = PBXFileReference; fileEncoding = 4; lastKnownFileType = text.json; path = DucBlog.json; sourceTree = "<group>"; };
/* End PBXFileReference section */

/* Begin PBXFrameworksBuildPhase section */
		523CAB911CB178890074B41E /* Frameworks */ = {
			isa = PBXFrameworksBuildPhase;
			buildActionMask = 2147483647;
			files = (
			);
			runOnlyForDeploymentPostprocessing = 0;
		};
/* End PBXFrameworksBuildPhase section */

/* Begin PBXGroup section */
		416703261DA6D71E00EF152A /* GooglePlace */ = {
			isa = PBXGroup;
			children = (
				410D93E91DA6F59700716D27 /* DetailJson4Swift_Base.swift */,
				410D93EF1DA6F59700716D27 /* DetailPhotos.swift */,
				410D93F01DA6F59700716D27 /* DetailResult.swift */,
				416703481DA6D7D000EF152A /* Detail */,
				416703371DA6D77900EF152A /* List */,
			);
			name = GooglePlace;
			sourceTree = "<group>";
		};
		416703371DA6D77900EF152A /* List */ = {
			isa = PBXGroup;
			children = (
				416703691DA6DBDD00EF152A /* Geometry.swift */,
				4167036A1DA6DBDD00EF152A /* Json4Swift_Base.swift */,
				4167036B1DA6DBDD00EF152A /* Location.swift */,
				4167036C1DA6DBDD00EF152A /* Northeast.swift */,
				4167036D1DA6DBDD00EF152A /* Photos.swift */,
				4167036E1DA6DBDD00EF152A /* Results.swift */,
				4167036F1DA6DBDD00EF152A /* Southwest.swift */,
				416703701DA6DBDD00EF152A /* Viewport.swift */,
			);
			name = List;
			sourceTree = "<group>";
		};
		416703481DA6D7D000EF152A /* Detail */ = {
			isa = PBXGroup;
			children = (
				410D93F11DA6F59700716D27 /* Reviews.swift */,
				410D93E51DA6F59700716D27 /* Address_components.swift */,
				410D93E61DA6F59700716D27 /* Aspects.swift */,
				410D93E71DA6F59700716D27 /* Close.swift */,
				410D93ED1DA6F59700716D27 /* Opening_hours.swift */,
				410D93EC1DA6F59700716D27 /* Open.swift */,
				410D93EE1DA6F59700716D27 /* Periods.swift */,
			);
			name = Detail;
			sourceTree = "<group>";
		};
		523CAB8B1CB178890074B41E = {
			isa = PBXGroup;
			children = (
				523CAB961CB178890074B41E /* Duc Blog */,
				523CAB951CB178890074B41E /* Products */,
			);
			sourceTree = "<group>";
		};
		523CAB951CB178890074B41E /* Products */ = {
			isa = PBXGroup;
			children = (
				523CAB941CB178890074B41E /* Duc Blog.app */,
			);
			name = Products;
			sourceTree = "<group>";
		};
		523CAB961CB178890074B41E /* Duc Blog */ = {
			isa = PBXGroup;
			children = (
				523CABB91CB19BEB0074B41E /* Model */,
				523CABB81CB19BD90074B41E /* View */,
				523CABB71CB19BD10074B41E /* Controller */,
				523CAB971CB178890074B41E /* AppDelegate.swift */,
				523CAB9E1CB178890074B41E /* Assets.xcassets */,
				523CABA01CB178890074B41E /* LaunchScreen.storyboard */,
				523CABA31CB178890074B41E /* Info.plist */,
				416703671DA6D8CC00EF152A /* Help.rtf */,
			);
			path = "Duc Blog";
			sourceTree = "<group>";
		};
		523CABB71CB19BD10074B41E /* Controller */ = {
			isa = PBXGroup;
			children = (
				523CABAD1CB184390074B41E /* EpisodesTableViewController.swift */,
			);
			name = Controller;
			sourceTree = "<group>";
		};
		523CABB81CB19BD90074B41E /* View */ = {
			isa = PBXGroup;
			children = (
				523CABAF1CB1847D0074B41E /* EpisodeTableViewCell.swift */,
				523CAB9B1CB178890074B41E /* Main.storyboard */,
			);
			name = View;
			sourceTree = "<group>";
		};
		523CABB91CB19BEB0074B41E /* Model */ = {
			isa = PBXGroup;
			children = (
				416703261DA6D71E00EF152A /* GooglePlace */,
				52B073B81CB438B500B2FBD3 /* DucBlog.json */,
				523CABA91CB178CA0074B41E /* Episode.swift */,
				523CABB11CB1858A0074B41E /* NetworkService.swift */,
			);
			name = Model;
			sourceTree = "<group>";
		};
/* End PBXGroup section */

/* Begin PBXNativeTarget section */
		523CAB931CB178890074B41E /* Duc Blog */ = {
			isa = PBXNativeTarget;
			buildConfigurationList = 523CABA61CB178890074B41E /* Build configuration list for PBXNativeTarget "Duc Blog" */;
			buildPhases = (
				523CAB901CB178890074B41E /* Sources */,
				523CAB911CB178890074B41E /* Frameworks */,
				523CAB921CB178890074B41E /* Resources */,
			);
			buildRules = (
			);
			dependencies = (
			);
			name = "Duc Blog";
			productName = "Duc Blog";
			productReference = 523CAB941CB178890074B41E /* Duc Blog.app */;
			productType = "com.apple.product-type.application";
		};
/* End PBXNativeTarget section */

/* Begin PBXProject section */
		523CAB8C1CB178890074B41E /* Project object */ = {
			isa = PBXProject;
			attributes = {
				LastSwiftUpdateCheck = 0730;
				LastUpgradeCheck = 0800;
				ORGANIZATIONNAME = "Developers Academy";
				TargetAttributes = {
					523CAB931CB178890074B41E = {
						CreatedOnToolsVersion = 7.3;
						LastSwiftMigration = 0800;
					};
				};
			};
			buildConfigurationList = 523CAB8F1CB178890074B41E /* Build configuration list for PBXProject "duc blog" */;
			compatibilityVersion = "Xcode 3.2";
			developmentRegion = English;
			hasScannedForEncodings = 0;
			knownRegions = (
				en,
				Base,
			);
			mainGroup = 523CAB8B1CB178890074B41E;
			productRefGroup = 523CAB951CB178890074B41E /* Products */;
			projectDirPath = "";
			projectRoot = "";
			targets = (
				523CAB931CB178890074B41E /* Duc Blog */,
			);
		};
/* End PBXProject section */

/* Begin PBXResourcesBuildPhase section */
		523CAB921CB178890074B41E /* Resources */ = {
			isa = PBXResourcesBuildPhase;
			buildActionMask = 2147483647;
			files = (
				416703681DA6D8CC00EF152A /* Help.rtf in Resources */,
				52B073B91CB438B500B2FBD3 /* DucBlog.json in Resources */,
				523CABA21CB178890074B41E /* LaunchScreen.storyboard in Resources */,
				523CAB9F1CB178890074B41E /* Assets.xcassets in Resources */,
				523CAB9D1CB178890074B41E /* Main.storyboard in Resources */,
			);
			runOnlyForDeploymentPostprocessing = 0;
		};
/* End PBXResourcesBuildPhase section */

/* Begin PBXSourcesBuildPhase section */
		523CAB901CB178890074B41E /* Sources */ = {
			isa = PBXSourcesBuildPhase;
			buildActionMask = 2147483647;
			files = (
				523CABB21CB1858A0074B41E /* NetworkService.swift in Sources */,
				410D93FB1DA6F59700716D27 /* Open.swift in Sources */,
				416703711DA6DBDD00EF152A /* Geometry.swift in Sources */,
				410D93F41DA6F59700716D27 /* Address_components.swift in Sources */,
				416703731DA6DBDD00EF152A /* Location.swift in Sources */,
				410D93FF1DA6F59700716D27 /* DetailResult.swift in Sources */,
				523CABAE1CB184390074B41E /* EpisodesTableViewController.swift in Sources */,
				410D93F51DA6F59700716D27 /* Aspects.swift in Sources */,
				523CABB01CB1847D0074B41E /* EpisodeTableViewCell.swift in Sources */,
				523CABAA1CB178CA0074B41E /* Episode.swift in Sources */,
				410D93FD1DA6F59700716D27 /* Periods.swift in Sources */,
				416703721DA6DBDD00EF152A /* Json4Swift_Base.swift in Sources */,
				410D94001DA6F59700716D27 /* Reviews.swift in Sources */,
				410D93FE1DA6F59700716D27 /* DetailPhotos.swift in Sources */,
				416703761DA6DBDD00EF152A /* Results.swift in Sources */,
				410D93F81DA6F59700716D27 /* DetailJson4Swift_Base.swift in Sources */,
				416703771DA6DBDD00EF152A /* Southwest.swift in Sources */,
				416703741DA6DBDD00EF152A /* Northeast.swift in Sources */,
				410D93F61DA6F59700716D27 /* Close.swift in Sources */,
				410D93FC1DA6F59700716D27 /* Opening_hours.swift in Sources */,
				416703751DA6DBDD00EF152A /* Photos.swift in Sources */,
				416703781DA6DBDD00EF152A /* Viewport.swift in Sources */,
				523CAB981CB178890074B41E /* AppDelegate.swift in Sources */,
			);
			runOnlyForDeploymentPostprocessing = 0;
		};
/* End PBXSourcesBuildPhase section */

/* Begin PBXVariantGroup section */
		523CAB9B1CB178890074B41E /* Main.storyboard */ = {
			isa = PBXVariantGroup;
			children = (
				523CAB9C1CB178890074B41E /* Base */,
			);
			name = Main.storyboard;
			sourceTree = "<group>";
		};
		523CABA01CB178890074B41E /* LaunchScreen.storyboard */ = {
			isa = PBXVariantGroup;
			children = (
				523CABA11CB178890074B41E /* Base */,
			);
			name = LaunchScreen.storyboard;
			sourceTree = "<group>";
		};
/* End PBXVariantGroup section */

/* Begin XCBuildConfiguration section */
		523CABA41CB178890074B41E /* Debug */ = {
			isa = XCBuildConfiguration;
			buildSettings = {
				ALWAYS_SEARCH_USER_PATHS = NO;
				CLANG_ANALYZER_NONNULL = YES;
				CLANG_CXX_LANGUAGE_STANDARD = "gnu++0x";
				CLANG_CXX_LIBRARY = "libc++";
				CLANG_ENABLE_MODULES = YES;
				CLANG_ENABLE_OBJC_ARC = YES;
				CLANG_WARN_BOOL_CONVERSION = YES;
				CLANG_WARN_CONSTANT_CONVERSION = YES;
				CLANG_WARN_DIRECT_OBJC_ISA_USAGE = YES_ERROR;
				CLANG_WARN_EMPTY_BODY = YES;
				CLANG_WARN_ENUM_CONVERSION = YES;
				CLANG_WARN_INFINITE_RECURSION = YES;
				CLANG_WARN_INT_CONVERSION = YES;
				CLANG_WARN_OBJC_ROOT_CLASS = YES_ERROR;
				CLANG_WARN_SUSPICIOUS_MOVE = YES;
				CLANG_WARN_UNREACHABLE_CODE = YES;
				CLANG_WARN__DUPLICATE_METHOD_MATCH = YES;
				"CODE_SIGN_IDENTITY[sdk=iphoneos*]" = "iPhone Developer";
				COPY_PHASE_STRIP = NO;
				DEBUG_INFORMATION_FORMAT = dwarf;
				ENABLE_STRICT_OBJC_MSGSEND = YES;
				ENABLE_TESTABILITY = YES;
				GCC_C_LANGUAGE_STANDARD = gnu99;
				GCC_DYNAMIC_NO_PIC = NO;
				GCC_NO_COMMON_BLOCKS = YES;
				GCC_OPTIMIZATION_LEVEL = 0;
				GCC_PREPROCESSOR_DEFINITIONS = (
					"DEBUG=1",
					"$(inherited)",
				);
				GCC_WARN_64_TO_32_BIT_CONVERSION = YES;
				GCC_WARN_ABOUT_RETURN_TYPE = YES_ERROR;
				GCC_WARN_UNDECLARED_SELECTOR = YES;
				GCC_WARN_UNINITIALIZED_AUTOS = YES_AGGRESSIVE;
				GCC_WARN_UNUSED_FUNCTION = YES;
				GCC_WARN_UNUSED_VARIABLE = YES;
				IPHONEOS_DEPLOYMENT_TARGET = 9.3;
				MTL_ENABLE_DEBUG_INFO = YES;
				ONLY_ACTIVE_ARCH = YES;
				SDKROOT = iphoneos;
				SWIFT_OPTIMIZATION_LEVEL = "-Onone";
				TARGETED_DEVICE_FAMILY = "1,2";
			};
			name = Debug;
		};
		523CABA51CB178890074B41E /* Release */ = {
			isa = XCBuildConfiguration;
			buildSettings = {
				ALWAYS_SEARCH_USER_PATHS = NO;
				CLANG_ANALYZER_NONNULL = YES;
				CLANG_CXX_LANGUAGE_STANDARD = "gnu++0x";
				CLANG_CXX_LIBRARY = "libc++";
				CLANG_ENABLE_MODULES = YES;
				CLANG_ENABLE_OBJC_ARC = YES;
				CLANG_WARN_BOOL_CONVERSION = YES;
				CLANG_WARN_CONSTANT_CONVERSION = YES;
				CLANG_WARN_DIRECT_OBJC_ISA_USAGE = YES_ERROR;
				CLANG_WARN_EMPTY_BODY = YES;
				CLANG_WARN_ENUM_CONVERSION = YES;
				CLANG_WARN_INFINITE_RECURSION = YES;
				CLANG_WARN_INT_CONVERSION = YES;
				CLANG_WARN_OBJC_ROOT_CLASS = YES_ERROR;
				CLANG_WARN_SUSPICIOUS_MOVE = YES;
				CLANG_WARN_UNREACHABLE_CODE = YES;
				CLANG_WARN__DUPLICATE_METHOD_MATCH = YES;
				"CODE_SIGN_IDENTITY[sdk=iphoneos*]" = "iPhone Developer";
				COPY_PHASE_STRIP = NO;
				DEBUG_INFORMATION_FORMAT = "dwarf-with-dsym";
				ENABLE_NS_ASSERTIONS = NO;
				ENABLE_STRICT_OBJC_MSGSEND = YES;
				GCC_C_LANGUAGE_STANDARD = gnu99;
				GCC_NO_COMMON_BLOCKS = YES;
				GCC_WARN_64_TO_32_BIT_CONVERSION = YES;
				GCC_WARN_ABOUT_RETURN_TYPE = YES_ERROR;
				GCC_WARN_UNDECLARED_SELECTOR = YES;
				GCC_WARN_UNINITIALIZED_AUTOS = YES_AGGRESSIVE;
				GCC_WARN_UNUSED_FUNCTION = YES;
				GCC_WARN_UNUSED_VARIABLE = YES;
				IPHONEOS_DEPLOYMENT_TARGET = 9.3;
				MTL_ENABLE_DEBUG_INFO = NO;
				SDKROOT = iphoneos;
				SWIFT_OPTIMIZATION_LEVEL = "-Onone";
				TARGETED_DEVICE_FAMILY = "1,2";
				VALIDATE_PRODUCT = YES;
			};
			name = Release;
		};
		523CABA71CB178890074B41E /* Debug */ = {
			isa = XCBuildConfiguration;
			buildSettings = {
				ASSETCATALOG_COMPILER_APPICON_NAME = AppIcon;
				INFOPLIST_FILE = "Duc Blog/Info.plist";
				LD_RUNPATH_SEARCH_PATHS = "$(inherited) @executable_path/Frameworks";
				PRODUCT_BUNDLE_IDENTIFIER = "io.ductran.Duc-Blog";
				PRODUCT_NAME = "$(TARGET_NAME)";
				SWIFT_VERSION = 3.0;
			};
			name = Debug;
		};
		523CABA81CB178890074B41E /* Release */ = {
			isa = XCBuildConfiguration;
			buildSettings = {
				ASSETCATALOG_COMPILER_APPICON_NAME = AppIcon;
				INFOPLIST_FILE = "Duc Blog/Info.plist";
				LD_RUNPATH_SEARCH_PATHS = "$(inherited) @executable_path/Frameworks";
				PRODUCT_BUNDLE_IDENTIFIER = "io.ductran.Duc-Blog";
				PRODUCT_NAME = "$(TARGET_NAME)";
				SWIFT_VERSION = 3.0;
			};
			name = Release;
		};
/* End XCBuildConfiguration section */

/* Begin XCConfigurationList section */
		523CAB8F1CB178890074B41E /* Build configuration list for PBXProject "duc blog" */ = {
			isa = XCConfigurationList;
			buildConfigurations = (
				523CABA41CB178890074B41E /* Debug */,
				523CABA51CB178890074B41E /* Release */,
			);
			defaultConfigurationIsVisible = 0;
			defaultConfigurationName = Release;
		};
		523CABA61CB178890074B41E /* Build configuration list for PBXNativeTarget "Duc Blog" */ = {
			isa = XCConfigurationList;
			buildConfigurations = (
				523CABA71CB178890074B41E /* Debug */,
				523CABA81CB178890074B41E /* Release */,
			);
			defaultConfigurationIsVisible = 0;
			defaultConfigurationName = Release;
		};
/* End XCConfigurationList section */
	};
	rootObject = 523CAB8C1CB178890074B41E /* Project object */;
}
